// !$*UTF8*$!
{
	archiveVersion = 1;
	classes = {
	};
	objectVersion = 50;
	objects = {

/* Begin PBXBuildFile section */
		0C8F95BC21C29802002A02F0 /* AppDelegate.swift in Sources */ = {isa = PBXBuildFile; fileRef = 0C8F95BB21C29802002A02F0 /* AppDelegate.swift */; };
		0C8F95BE21C29802002A02F0 /* ViewController.swift in Sources */ = {isa = PBXBuildFile; fileRef = 0C8F95BD21C29802002A02F0 /* ViewController.swift */; };
		0C8F95C121C29802002A02F0 /* Main.storyboard in Resources */ = {isa = PBXBuildFile; fileRef = 0C8F95BF21C29802002A02F0 /* Main.storyboard */; };
		0C8F95C321C29805002A02F0 /* Assets.xcassets in Resources */ = {isa = PBXBuildFile; fileRef = 0C8F95C221C29805002A02F0 /* Assets.xcassets */; };
		0C8F95C621C29805002A02F0 /* LaunchScreen.storyboard in Resources */ = {isa = PBXBuildFile; fileRef = 0C8F95C421C29805002A02F0 /* LaunchScreen.storyboard */; };
		0CCA32AE21C2B3BB002A8C44 /* BaseView.swift in Sources */ = {isa = PBXBuildFile; fileRef = 0CCA32AD21C2B3BB002A8C44 /* BaseView.swift */; };
		0CCA32B221C2B513002A8C44 /* DetailsFoodView.swift in Sources */ = {isa = PBXBuildFile; fileRef = 0CCA32B121C2B513002A8C44 /* DetailsFoodView.swift */; };
		0CCA32B421C2B709002A8C44 /* DetailsFoodViewController.swift in Sources */ = {isa = PBXBuildFile; fileRef = 0CCA32B321C2B709002A8C44 /* DetailsFoodViewController.swift */; };
		0CCA32B721C2B7B1002A8C44 /* RestaurantsTableViewController.swift in Sources */ = {isa = PBXBuildFile; fileRef = 0CCA32B621C2B7B1002A8C44 /* RestaurantsTableViewController.swift */; };
		0CCA32BA21C2B7F2002A8C44 /* RestaurantTableViewCell.swift in Sources */ = {isa = PBXBuildFile; fileRef = 0CCA32B921C2B7F2002A8C44 /* RestaurantTableViewCell.swift */; };
		0CCA32BE21C2B926002A8C44 /* LocationView.swift in Sources */ = {isa = PBXBuildFile; fileRef = 0CCA32BD21C2B926002A8C44 /* LocationView.swift */; };
		0CCA32C021C2BA08002A8C44 /* LocationViewController.swift in Sources */ = {isa = PBXBuildFile; fileRef = 0CCA32BF21C2BA08002A8C44 /* LocationViewController.swift */; };
		0CCA32C321C2C383002A8C44 /* LocationService.swift in Sources */ = {isa = PBXBuildFile; fileRef = 0CCA32C221C2C383002A8C44 /* LocationService.swift */; };
/* End PBXBuildFile section */

/* Begin PBXFileReference section */
		0C8F95B821C29802002A02F0 /* Restaurants.app */ = {isa = PBXFileReference; explicitFileType = wrapper.application; includeInIndex = 0; path = Restaurants.app; sourceTree = BUILT_PRODUCTS_DIR; };
		0C8F95BB21C29802002A02F0 /* AppDelegate.swift */ = {isa = PBXFileReference; lastKnownFileType = sourcecode.swift; path = AppDelegate.swift; sourceTree = "<group>"; };
		0C8F95BD21C29802002A02F0 /* ViewController.swift */ = {isa = PBXFileReference; lastKnownFileType = sourcecode.swift; path = ViewController.swift; sourceTree = "<group>"; };
		0C8F95C021C29802002A02F0 /* Base */ = {isa = PBXFileReference; lastKnownFileType = file.storyboard; name = Base; path = Base.lproj/Main.storyboard; sourceTree = "<group>"; };
		0C8F95C221C29805002A02F0 /* Assets.xcassets */ = {isa = PBXFileReference; lastKnownFileType = folder.assetcatalog; path = Assets.xcassets; sourceTree = "<group>"; };
		0C8F95C521C29805002A02F0 /* Base */ = {isa = PBXFileReference; lastKnownFileType = file.storyboard; name = Base; path = Base.lproj/LaunchScreen.storyboard; sourceTree = "<group>"; };
		0C8F95C721C29805002A02F0 /* Info.plist */ = {isa = PBXFileReference; lastKnownFileType = text.plist.xml; path = Info.plist; sourceTree = "<group>"; };
		0CCA32AD21C2B3BB002A8C44 /* BaseView.swift */ = {isa = PBXFileReference; lastKnownFileType = sourcecode.swift; path = BaseView.swift; sourceTree = "<group>"; };
		0CCA32B121C2B513002A8C44 /* DetailsFoodView.swift */ = {isa = PBXFileReference; lastKnownFileType = sourcecode.swift; path = DetailsFoodView.swift; sourceTree = "<group>"; };
		0CCA32B321C2B709002A8C44 /* DetailsFoodViewController.swift */ = {isa = PBXFileReference; lastKnownFileType = sourcecode.swift; path = DetailsFoodViewController.swift; sourceTree = "<group>"; };
		0CCA32B621C2B7B1002A8C44 /* RestaurantsTableViewController.swift */ = {isa = PBXFileReference; lastKnownFileType = sourcecode.swift; path = RestaurantsTableViewController.swift; sourceTree = "<group>"; };
		0CCA32B921C2B7F2002A8C44 /* RestaurantTableViewCell.swift */ = {isa = PBXFileReference; lastKnownFileType = sourcecode.swift; path = RestaurantTableViewCell.swift; sourceTree = "<group>"; };
		0CCA32BD21C2B926002A8C44 /* LocationView.swift */ = {isa = PBXFileReference; lastKnownFileType = sourcecode.swift; path = LocationView.swift; sourceTree = "<group>"; };
		0CCA32BF21C2BA08002A8C44 /* LocationViewController.swift */ = {isa = PBXFileReference; lastKnownFileType = sourcecode.swift; path = LocationViewController.swift; sourceTree = "<group>"; };
		0CCA32C221C2C383002A8C44 /* LocationService.swift */ = {isa = PBXFileReference; lastKnownFileType = sourcecode.swift; path = LocationService.swift; sourceTree = "<group>"; };
/* End PBXFileReference section */

/* Begin PBXFrameworksBuildPhase section */
		0C8F95B521C29802002A02F0 /* Frameworks */ = {
			isa = PBXFrameworksBuildPhase;
			buildActionMask = 2147483647;
			files = (
			);
			runOnlyForDeploymentPostprocessing = 0;
		};
/* End PBXFrameworksBuildPhase section */

/* Begin PBXGroup section */
		0C8F95AF21C29802002A02F0 = {
			isa = PBXGroup;
			children = (
				0C8F95BA21C29802002A02F0 /* Restaurants */,
				0C8F95B921C29802002A02F0 /* Products */,
			);
			sourceTree = "<group>";
		};
		0C8F95B921C29802002A02F0 /* Products */ = {
			isa = PBXGroup;
			children = (
				0C8F95B821C29802002A02F0 /* Restaurants.app */,
			);
			name = Products;
			sourceTree = "<group>";
		};
		0C8F95BA21C29802002A02F0 /* Restaurants */ = {
			isa = PBXGroup;
			children = (
				0CCA32C121C2C363002A8C44 /* Services */,
				0CCA32AC21C2B3A2002A8C44 /* Screens */,
				0C8F95BB21C29802002A02F0 /* AppDelegate.swift */,
				0C8F95BD21C29802002A02F0 /* ViewController.swift */,
				0C8F95BF21C29802002A02F0 /* Main.storyboard */,
				0C8F95C221C29805002A02F0 /* Assets.xcassets */,
				0C8F95C421C29805002A02F0 /* LaunchScreen.storyboard */,
				0C8F95C721C29805002A02F0 /* Info.plist */,
			);
			path = Restaurants;
			sourceTree = "<group>";
		};
		0CCA32AC21C2B3A2002A8C44 /* Screens */ = {
			isa = PBXGroup;
			children = (
				0CCA32BB21C2B8EC002A8C44 /* Location */,
				0CCA32B521C2B75E002A8C44 /* Lists */,
				0CCA32AF21C2B4A1002A8C44 /* Details */,
				0CCA32AD21C2B3BB002A8C44 /* BaseView.swift */,
			);
			path = Screens;
			sourceTree = "<group>";
		};
		0CCA32AF21C2B4A1002A8C44 /* Details */ = {
			isa = PBXGroup;
			children = (
				0CCA32B021C2B4EC002A8C44 /* Views */,
				0CCA32B321C2B709002A8C44 /* DetailsFoodViewController.swift */,
			);
			path = Details;
			sourceTree = "<group>";
		};
		0CCA32B021C2B4EC002A8C44 /* Views */ = {
			isa = PBXGroup;
			children = (
				0CCA32B121C2B513002A8C44 /* DetailsFoodView.swift */,
			);
			path = Views;
			sourceTree = "<group>";
		};
		0CCA32B521C2B75E002A8C44 /* Lists */ = {
			isa = PBXGroup;
			children = (
				0CCA32B821C2B7BD002A8C44 /* Views */,
				0CCA32B621C2B7B1002A8C44 /* RestaurantsTableViewController.swift */,
			);
			path = Lists;
			sourceTree = "<group>";
		};
		0CCA32B821C2B7BD002A8C44 /* Views */ = {
			isa = PBXGroup;
			children = (
				0CCA32B921C2B7F2002A8C44 /* RestaurantTableViewCell.swift */,
			);
			path = Views;
			sourceTree = "<group>";
		};
		0CCA32BB21C2B8EC002A8C44 /* Location */ = {
			isa = PBXGroup;
			children = (
				0CCA32BC21C2B8F6002A8C44 /* Views */,
				0CCA32BF21C2BA08002A8C44 /* LocationViewController.swift */,
			);
			path = Location;
			sourceTree = "<group>";
		};
		0CCA32BC21C2B8F6002A8C44 /* Views */ = {
			isa = PBXGroup;
			children = (
				0CCA32BD21C2B926002A8C44 /* LocationView.swift */,
			);
			path = Views;
			sourceTree = "<group>";
		};
		0CCA32C121C2C363002A8C44 /* Services */ = {
			isa = PBXGroup;
			children = (
				0CCA32C221C2C383002A8C44 /* LocationService.swift */,
			);
			path = Services;
			sourceTree = "<group>";
		};
/* End PBXGroup section */

/* Begin PBXNativeTarget section */
		0C8F95B721C29802002A02F0 /* Restaurants */ = {
			isa = PBXNativeTarget;
			buildConfigurationList = 0C8F95CA21C29805002A02F0 /* Build configuration list for PBXNativeTarget "Restaurants" */;
			buildPhases = (
				0C8F95B421C29802002A02F0 /* Sources */,
				0C8F95B521C29802002A02F0 /* Frameworks */,
				0C8F95B621C29802002A02F0 /* Resources */,
			);
			buildRules = (
			);
			dependencies = (
			);
			name = Restaurants;
			productName = Restaurants;
			productReference = 0C8F95B821C29802002A02F0 /* Restaurants.app */;
			productType = "com.apple.product-type.application";
		};
/* End PBXNativeTarget section */

/* Begin PBXProject section */
		0C8F95B021C29802002A02F0 /* Project object */ = {
			isa = PBXProject;
			attributes = {
				LastSwiftUpdateCheck = 1010;
				LastUpgradeCheck = 1010;
				ORGANIZATIONNAME = "Pankaj Kulkarni";
				TargetAttributes = {
					0C8F95B721C29802002A02F0 = {
						CreatedOnToolsVersion = 10.1;
					};
				};
			};
			buildConfigurationList = 0C8F95B321C29802002A02F0 /* Build configuration list for PBXProject "Restaurants" */;
			compatibilityVersion = "Xcode 9.3";
			developmentRegion = en;
			hasScannedForEncodings = 0;
			knownRegions = (
				en,
				Base,
			);
			mainGroup = 0C8F95AF21C29802002A02F0;
			productRefGroup = 0C8F95B921C29802002A02F0 /* Products */;
			projectDirPath = "";
			projectRoot = "";
			targets = (
				0C8F95B721C29802002A02F0 /* Restaurants */,
			);
		};
/* End PBXProject section */

/* Begin PBXResourcesBuildPhase section */
		0C8F95B621C29802002A02F0 /* Resources */ = {
			isa = PBXResourcesBuildPhase;
			buildActionMask = 2147483647;
			files = (
				0C8F95C621C29805002A02F0 /* LaunchScreen.storyboard in Resources */,
				0C8F95C321C29805002A02F0 /* Assets.xcassets in Resources */,
				0C8F95C121C29802002A02F0 /* Main.storyboard in Resources */,
			);
			runOnlyForDeploymentPostprocessing = 0;
		};
/* End PBXResourcesBuildPhase section */

/* Begin PBXSourcesBuildPhase section */
		0C8F95B421C29802002A02F0 /* Sources */ = {
			isa = PBXSourcesBuildPhase;
			buildActionMask = 2147483647;
			files = (
				0CCA32AE21C2B3BB002A8C44 /* BaseView.swift in Sources */,
				0CCA32BE21C2B926002A8C44 /* LocationView.swift in Sources */,
				0CCA32B221C2B513002A8C44 /* DetailsFoodView.swift in Sources */,
				0CCA32B721C2B7B1002A8C44 /* RestaurantsTableViewController.swift in Sources */,
				0CCA32B421C2B709002A8C44 /* DetailsFoodViewController.swift in Sources */,
				0C8F95BE21C29802002A02F0 /* ViewController.swift in Sources */,
				0CCA32C021C2BA08002A8C44 /* LocationViewController.swift in Sources */,
				0CCA32BA21C2B7F2002A8C44 /* RestaurantTableViewCell.swift in Sources */,
				0CCA32C321C2C383002A8C44 /* LocationService.swift in Sources */,
				0C8F95BC21C29802002A02F0 /* AppDelegate.swift in Sources */,
			);
			runOnlyForDeploymentPostprocessing = 0;
		};
/* End PBXSourcesBuildPhase section */

/* Begin PBXVariantGroup section */
		0C8F95BF21C29802002A02F0 /* Main.storyboard */ = {
			isa = PBXVariantGroup;
			children = (
				0C8F95C021C29802002A02F0 /* Base */,
			);
			name = Main.storyboard;
			sourceTree = "<group>";
		};
		0C8F95C421C29805002A02F0 /* LaunchScreen.storyboard */ = {
			isa = PBXVariantGroup;
			children = (
				0C8F95C521C29805002A02F0 /* Base */,
			);
			name = LaunchScreen.storyboard;
			sourceTree = "<group>";
		};
/* End PBXVariantGroup section */

/* Begin XCBuildConfiguration section */
		0C8F95C821C29805002A02F0 /* Debug */ = {
			isa = XCBuildConfiguration;
			buildSettings = {
				ALWAYS_SEARCH_USER_PATHS = NO;
				CLANG_ANALYZER_NONNULL = YES;
				CLANG_ANALYZER_NUMBER_OBJECT_CONVERSION = YES_AGGRESSIVE;
				CLANG_CXX_LANGUAGE_STANDARD = "gnu++14";
				CLANG_CXX_LIBRARY = "libc++";
				CLANG_ENABLE_MODULES = YES;
				CLANG_ENABLE_OBJC_ARC = YES;
				CLANG_ENABLE_OBJC_WEAK = YES;
				CLANG_WARN_BLOCK_CAPTURE_AUTORELEASING = YES;
				CLANG_WARN_BOOL_CONVERSION = YES;
				CLANG_WARN_COMMA = YES;
				CLANG_WARN_CONSTANT_CONVERSION = YES;
				CLANG_WARN_DEPRECATED_OBJC_IMPLEMENTATIONS = YES;
				CLANG_WARN_DIRECT_OBJC_ISA_USAGE = YES_ERROR;
				CLANG_WARN_DOCUMENTATION_COMMENTS = YES;
				CLANG_WARN_EMPTY_BODY = YES;
				CLANG_WARN_ENUM_CONVERSION = YES;
				CLANG_WARN_INFINITE_RECURSION = YES;
				CLANG_WARN_INT_CONVERSION = YES;
				CLANG_WARN_NON_LITERAL_NULL_CONVERSION = YES;
				CLANG_WARN_OBJC_IMPLICIT_RETAIN_SELF = YES;
				CLANG_WARN_OBJC_LITERAL_CONVERSION = YES;
				CLANG_WARN_OBJC_ROOT_CLASS = YES_ERROR;
				CLANG_WARN_RANGE_LOOP_ANALYSIS = YES;
				CLANG_WARN_STRICT_PROTOTYPES = YES;
				CLANG_WARN_SUSPICIOUS_MOVE = YES;
				CLANG_WARN_UNGUARDED_AVAILABILITY = YES_AGGRESSIVE;
				CLANG_WARN_UNREACHABLE_CODE = YES;
				CLANG_WARN__DUPLICATE_METHOD_MATCH = YES;
				CODE_SIGN_IDENTITY = "iPhone Developer";
				COPY_PHASE_STRIP = NO;
				DEBUG_INFORMATION_FORMAT = dwarf;
				ENABLE_STRICT_OBJC_MSGSEND = YES;
				ENABLE_TESTABILITY = YES;
				GCC_C_LANGUAGE_STANDARD = gnu11;
				GCC_DYNAMIC_NO_PIC = NO;
				GCC_NO_COMMON_BLOCKS = YES;
				GCC_OPTIMIZATION_LEVEL = 0;
				GCC_PREPROCESSOR_DEFINITIONS = (
					"DEBUG=1",
					"$(inherited)",
				);
				GCC_WARN_64_TO_32_BIT_CONVERSION = YES;
				GCC_WARN_ABOUT_RETURN_TYPE = YES_ERROR;
				GCC_WARN_UNDECLARED_SELECTOR = YES;
				GCC_WARN_UNINITIALIZED_AUTOS = YES_AGGRESSIVE;
				GCC_WARN_UNUSED_FUNCTION = YES;
				GCC_WARN_UNUSED_VARIABLE = YES;
				IPHONEOS_DEPLOYMENT_TARGET = 12.1;
				MTL_ENABLE_DEBUG_INFO = INCLUDE_SOURCE;
				MTL_FAST_MATH = YES;
				ONLY_ACTIVE_ARCH = YES;
				SDKROOT = iphoneos;
				SWIFT_ACTIVE_COMPILATION_CONDITIONS = DEBUG;
				SWIFT_OPTIMIZATION_LEVEL = "-Onone";
			};
			name = Debug;
		};
		0C8F95C921C29805002A02F0 /* Release */ = {
			isa = XCBuildConfiguration;
			buildSettings = {
				ALWAYS_SEARCH_USER_PATHS = NO;
				CLANG_ANALYZER_NONNULL = YES;
				CLANG_ANALYZER_NUMBER_OBJECT_CONVERSION = YES_AGGRESSIVE;
				CLANG_CXX_LANGUAGE_STANDARD = "gnu++14";
				CLANG_CXX_LIBRARY = "libc++";
				CLANG_ENABLE_MODULES = YES;
				CLANG_ENABLE_OBJC_ARC = YES;
				CLANG_ENABLE_OBJC_WEAK = YES;
				CLANG_WARN_BLOCK_CAPTURE_AUTORELEASING = YES;
				CLANG_WARN_BOOL_CONVERSION = YES;
				CLANG_WARN_COMMA = YES;
				CLANG_WARN_CONSTANT_CONVERSION = YES;
				CLANG_WARN_DEPRECATED_OBJC_IMPLEMENTATIONS = YES;
				CLANG_WARN_DIRECT_OBJC_ISA_USAGE = YES_ERROR;
				CLANG_WARN_DOCUMENTATION_COMMENTS = YES;
				CLANG_WARN_EMPTY_BODY = YES;
				CLANG_WARN_ENUM_CONVERSION = YES;
				CLANG_WARN_INFINITE_RECURSION = YES;
				CLANG_WARN_INT_CONVERSION = YES;
				CLANG_WARN_NON_LITERAL_NULL_CONVERSION = YES;
				CLANG_WARN_OBJC_IMPLICIT_RETAIN_SELF = YES;
				CLANG_WARN_OBJC_LITERAL_CONVERSION = YES;
				CLANG_WARN_OBJC_ROOT_CLASS = YES_ERROR;
				CLANG_WARN_RANGE_LOOP_ANALYSIS = YES;
				CLANG_WARN_STRICT_PROTOTYPES = YES;
				CLANG_WARN_SUSPICIOUS_MOVE = YES;
				CLANG_WARN_UNGUARDED_AVAILABILITY = YES_AGGRESSIVE;
				CLANG_WARN_UNREACHABLE_CODE = YES;
				CLANG_WARN__DUPLICATE_METHOD_MATCH = YES;
				CODE_SIGN_IDENTITY = "iPhone Developer";
				COPY_PHASE_STRIP = NO;
				DEBUG_INFORMATION_FORMAT = "dwarf-with-dsym";
				ENABLE_NS_ASSERTIONS = NO;
				ENABLE_STRICT_OBJC_MSGSEND = YES;
				GCC_C_LANGUAGE_STANDARD = gnu11;
				GCC_NO_COMMON_BLOCKS = YES;
				GCC_WARN_64_TO_32_BIT_CONVERSION = YES;
				GCC_WARN_ABOUT_RETURN_TYPE = YES_ERROR;
				GCC_WARN_UNDECLARED_SELECTOR = YES;
				GCC_WARN_UNINITIALIZED_AUTOS = YES_AGGRESSIVE;
				GCC_WARN_UNUSED_FUNCTION = YES;
				GCC_WARN_UNUSED_VARIABLE = YES;
				IPHONEOS_DEPLOYMENT_TARGET = 12.1;
				MTL_ENABLE_DEBUG_INFO = NO;
				MTL_FAST_MATH = YES;
				SDKROOT = iphoneos;
				SWIFT_COMPILATION_MODE = wholemodule;
				SWIFT_OPTIMIZATION_LEVEL = "-O";
				VALIDATE_PRODUCT = YES;
			};
			name = Release;
		};
		0C8F95CB21C29805002A02F0 /* Debug */ = {
			isa = XCBuildConfiguration;
			buildSettings = {
				ASSETCATALOG_COMPILER_APPICON_NAME = AppIcon;
				CODE_SIGN_STYLE = Automatic;
				DEVELOPMENT_TEAM = 48QRRHRL2V;
				INFOPLIST_FILE = Restaurants/Info.plist;
				LD_RUNPATH_SEARCH_PATHS = (
					"$(inherited)",
					"@executable_path/Frameworks",
				);
				PRODUCT_BUNDLE_IDENTIFIER = com.pksoft.Restaurants;
				PRODUCT_NAME = "$(TARGET_NAME)";
				SWIFT_VERSION = 4.2;
				TARGETED_DEVICE_FAMILY = "1,2";
			};
			name = Debug;
		};
		0C8F95CC21C29805002A02F0 /* Release */ = {
			isa = XCBuildConfiguration;
			buildSettings = {
				ASSETCATALOG_COMPILER_APPICON_NAME = AppIcon;
				CODE_SIGN_STYLE = Automatic;
				DEVELOPMENT_TEAM = 48QRRHRL2V;
				INFOPLIST_FILE = Restaurants/Info.plist;
				LD_RUNPATH_SEARCH_PATHS = (
					"$(inherited)",
					"@executable_path/Frameworks",
				);
				PRODUCT_BUNDLE_IDENTIFIER = com.pksoft.Restaurants;
				PRODUCT_NAME = "$(TARGET_NAME)";
				SWIFT_VERSION = 4.2;
				TARGETED_DEVICE_FAMILY = "1,2";
			};
			name = Release;
		};
/* End XCBuildConfiguration section */

/* Begin XCConfigurationList section */
		0C8F95B321C29802002A02F0 /* Build configuration list for PBXProject "Restaurants" */ = {
			isa = XCConfigurationList;
			buildConfigurations = (
				0C8F95C821C29805002A02F0 /* Debug */,
				0C8F95C921C29805002A02F0 /* Release */,
			);
			defaultConfigurationIsVisible = 0;
			defaultConfigurationName = Release;
		};
		0C8F95CA21C29805002A02F0 /* Build configuration list for PBXNativeTarget "Restaurants" */ = {
			isa = XCConfigurationList;
			buildConfigurations = (
				0C8F95CB21C29805002A02F0 /* Debug */,
				0C8F95CC21C29805002A02F0 /* Release */,
			);
			defaultConfigurationIsVisible = 0;
			defaultConfigurationName = Release;
		};
/* End XCConfigurationList section */
	};
	rootObject = 0C8F95B021C29802002A02F0 /* Project object */;
}
